
Microsoft Visual Studio Solution File, Format Version 12.00
# Visual Studio 15
VisualStudioVersion = 15.0.28010.2046
MinimumVisualStudioVersion = 10.0.40219.1
Project("{FAE04EC0-301F-11D3-BF4B-00C04F79EFBC}") = "Newbe.Mahua.Plugins.HKHimeko", "Newbe.Mahua.Plugins.HKHimeko\Newbe.Mahua.Plugins.HKHimeko.csproj", "{961F2FDD-D544-4EFB-BC9B-AA7D63684487}"
EndProject
Global
	GlobalSection(SolutionConfigurationPlatforms) = preSolution
		Debug|Any CPU = Debug|Any CPU
		Release|Any CPU = Release|Any CPU
	EndGlobalSection
	GlobalSection(ProjectConfigurationPlatforms) = postSolution
		{961F2FDD-D544-4EFB-BC9B-AA7D63684487}.Debug|Any CPU.ActiveCfg = Debug|Any CPU
		{961F2FDD-D544-4EFB-BC9B-AA7D63684487}.Debug|Any CPU.Build.0 = Debug|Any CPU
		{961F2FDD-D544-4EFB-BC9B-AA7D63684487}.Release|Any CPU.ActiveCfg = Release|Any CPU
		{961F2FDD-D544-4EFB-BC9B-AA7D63684487}.Release|Any CPU.Build.0 = Release|Any CPU
	EndGlobalSection
	GlobalSection(SolutionProperties) = preSolution
		HideSolutionNode = FALSE
	EndGlobalSection
	GlobalSection(ExtensibilityGlobals) = postSolution
		SolutionGuid = {899E8C1E-2311-4FED-B972-82C882B1E1F5}
	EndGlobalSection
EndGlobal
